Microsoft Visual Studio Solution File, Format Version 12.00
# Visual Studio Version 17
VisualStudioVersion = 17.5.2.0
MinimumVisualStudioVersion = 10.0.40219.1
Project("{FAE04EC0-301F-11D3-BF4B-00C04F79EFBC}") = "SectorGen2", "SectorGen2.csproj", "{52D2A503-DEDF-09FC-3857-9FA658444AC9}"
EndProject
Global
	GlobalSection(SolutionConfigurationPlatforms) = preSolution
		Debug|Any CPU = Debug|Any CPU
		Release|Any CPU = Release|Any CPU
	EndGlobalSection
	GlobalSection(ProjectConfigurationPlatforms) = postSolution
		{52D2A503-DEDF-09FC-3857-9FA658444AC9}.Debug|Any CPU.ActiveCfg = Debug|Any CPU
		{52D2A503-DEDF-09FC-3857-9FA658444AC9}.Debug|Any CPU.Build.0 = Debug|Any CPU
		{52D2A503-DEDF-09FC-3857-9FA658444AC9}.Release|Any CPU.ActiveCfg = Release|Any CPU
		{52D2A503-DEDF-09FC-3857-9FA658444AC9}.Release|Any CPU.Build.0 = Release|Any CPU
	EndGlobalSection
	GlobalSection(SolutionProperties) = preSolution
		HideSolutionNode = FALSE
	EndGlobalSection
	GlobalSection(ExtensibilityGlobals) = postSolution
		SolutionGuid = {7657F258-B7B6-43DC-8A31-24626DE3E154}
	EndGlobalSection
EndGlobal
